
Microsoft Visual Studio Solution File, Format Version 12.00
# Visual Studio Version 17
VisualStudioVersion = 17.11.35208.52
MinimumVisualStudioVersion = 10.0.40219.1
Project("{FAE04EC0-301F-11D3-BF4B-00C04F79EFBC}") = "YT1", "YT1\YT1.csproj", "{932BD9FC-04B1-4640-989C-FC4C768F05C5}"
EndProject
Global
	GlobalSection(SolutionConfigurationPlatforms) = preSolution
		Debug|Any CPU = Debug|Any CPU
		Release|Any CPU = Release|Any CPU
	EndGlobalSection
	GlobalSection(ProjectConfigurationPlatforms) = postSolution
		{932BD9FC-04B1-4640-989C-FC4C768F05C5}.Debug|Any CPU.ActiveCfg = Debug|Any CPU
		{932BD9FC-04B1-4640-989C-FC4C768F05C5}.Debug|Any CPU.Build.0 = Debug|Any CPU
		{932BD9FC-04B1-4640-989C-FC4C768F05C5}.Release|Any CPU.ActiveCfg = Release|Any CPU
		{932BD9FC-04B1-4640-989C-FC4C768F05C5}.Release|Any CPU.Build.0 = Release|Any CPU
	EndGlobalSection
	GlobalSection(SolutionProperties) = preSolution
		HideSolutionNode = FALSE
	EndGlobalSection
	GlobalSection(ExtensibilityGlobals) = postSolution
		SolutionGuid = {5BE50802-DD8E-4F2D-99ED-26F9A4D5E5BB}
	EndGlobalSection
EndGlobal
